github.com/0bvim/dog v0.0.0-20241006182524-417bce727e09 h1:egpwgLvmNmmsNpWtG5CTFjfsEXYK7kpMYzZ8/EGb1cY=
github.com/0bvim/dog v0.0.0-20241006182524-417bce727e09/go.mod h1:1Wp4iWokcAXYKn3QFFsFyn7PmluHZZnnCNoczKcufwM=
github.com/0bvim/puppy v1.1.0 h1:NAxU+/pnC5JewjeBGVRx23nckqKW21y1dXaln3wfmx0=
github.com/0bvim/puppy v1.1.0/go.mod h1:1DQPwBYScc/NE+kFNOQqr+1rpmDfV77J89BieqCy74k=
